
Microsoft Visual Studio Solution File, Format Version 12.00
Project("{FAE04EC0-301F-11D3-BF4B-00C04F79EFBC}") = "Day1", "Day1\Day1.csproj", "{BEA77E11-F62D-41CC-9332-30A6E24DA50B}"
EndProject
Project("{FAE04EC0-301F-11D3-BF4B-00C04F79EFBC}") = "Day2", "Day2\Day2.csproj", "{1087F975-C9C7-40B8-8E3D-EE189220D933}"
EndProject
Project("{FAE04EC0-301F-11D3-BF4B-00C04F79EFBC}") = "Day3Library", "Day3Library\Day3Library.csproj", "{F635ACC7-3E77-4E13-A3C2-EDC02008FD07}"
EndProject
Global
	GlobalSection(SolutionConfigurationPlatforms) = preSolution
		Debug|Any CPU = Debug|Any CPU
		Release|Any CPU = Release|Any CPU
	EndGlobalSection
	GlobalSection(ProjectConfigurationPlatforms) = postSolution
		{BEA77E11-F62D-41CC-9332-30A6E24DA50B}.Debug|Any CPU.ActiveCfg = Debug|Any CPU
		{BEA77E11-F62D-41CC-9332-30A6E24DA50B}.Debug|Any CPU.Build.0 = Debug|Any CPU
		{BEA77E11-F62D-41CC-9332-30A6E24DA50B}.Release|Any CPU.ActiveCfg = Release|Any CPU
		{BEA77E11-F62D-41CC-9332-30A6E24DA50B}.Release|Any CPU.Build.0 = Release|Any CPU
		{1087F975-C9C7-40B8-8E3D-EE189220D933}.Debug|Any CPU.ActiveCfg = Debug|Any CPU
		{1087F975-C9C7-40B8-8E3D-EE189220D933}.Debug|Any CPU.Build.0 = Debug|Any CPU
		{1087F975-C9C7-40B8-8E3D-EE189220D933}.Release|Any CPU.ActiveCfg = Release|Any CPU
		{1087F975-C9C7-40B8-8E3D-EE189220D933}.Release|Any CPU.Build.0 = Release|Any CPU
		{F635ACC7-3E77-4E13-A3C2-EDC02008FD07}.Debug|Any CPU.ActiveCfg = Debug|Any CPU
		{F635ACC7-3E77-4E13-A3C2-EDC02008FD07}.Debug|Any CPU.Build.0 = Debug|Any CPU
		{F635ACC7-3E77-4E13-A3C2-EDC02008FD07}.Release|Any CPU.ActiveCfg = Release|Any CPU
		{F635ACC7-3E77-4E13-A3C2-EDC02008FD07}.Release|Any CPU.Build.0 = Release|Any CPU
	EndGlobalSection
EndGlobal
